
Microsoft Visual Studio Solution File, Format Version 12.00
# Visual Studio Version 17
VisualStudioVersion = 17.7.34009.444
MinimumVisualStudioVersion = 10.0.40219.1
Project("{FAE04EC0-301F-11D3-BF4B-00C04F79EFBC}") = "HexedBooster", "Steam-HourBoost\HexedBooster.csproj", "{4019E7BF-A957-4C7E-8592-67932E621D49}"
EndProject
Global
	GlobalSection(SolutionConfigurationPlatforms) = preSolution
		Debug|Any CPU = Debug|Any CPU
		Release|Any CPU = Release|Any CPU
	EndGlobalSection
	GlobalSection(ProjectConfigurationPlatforms) = postSolution
		{4019E7BF-A957-4C7E-8592-67932E621D49}.Debug|Any CPU.ActiveCfg = Debug|Any CPU
		{4019E7BF-A957-4C7E-8592-67932E621D49}.Debug|Any CPU.Build.0 = Debug|Any CPU
		{4019E7BF-A957-4C7E-8592-67932E621D49}.Release|Any CPU.ActiveCfg = Release|Any CPU
		{4019E7BF-A957-4C7E-8592-67932E621D49}.Release|Any CPU.Build.0 = Release|Any CPU
	EndGlobalSection
	GlobalSection(SolutionProperties) = preSolution
		HideSolutionNode = FALSE
	EndGlobalSection
	GlobalSection(ExtensibilityGlobals) = postSolution
		SolutionGuid = {21D80EB3-CE2E-49FC-AD0A-AB73115BD2AF}
	EndGlobalSection
EndGlobal
